
Microsoft Visual Studio Solution File, Format Version 12.00
# Visual Studio Version 17
VisualStudioVersion = 17.11.35222.181
MinimumVisualStudioVersion = 10.0.40219.1
Project("{FAE04EC0-301F-11D3-BF4B-00C04F79EFBC}") = "Email", "Email\Email.csproj", "{93908026-777A-4BB2-83F8-79349176420A}"
EndProject
Global
	GlobalSection(SolutionConfigurationPlatforms) = preSolution
		Debug|Any CPU = Debug|Any CPU
		Release|Any CPU = Release|Any CPU
	EndGlobalSection
	GlobalSection(ProjectConfigurationPlatforms) = postSolution
		{93908026-777A-4BB2-83F8-79349176420A}.Debug|Any CPU.ActiveCfg = Debug|Any CPU
		{93908026-777A-4BB2-83F8-79349176420A}.Debug|Any CPU.Build.0 = Debug|Any CPU
		{93908026-777A-4BB2-83F8-79349176420A}.Release|Any CPU.ActiveCfg = Release|Any CPU
		{93908026-777A-4BB2-83F8-79349176420A}.Release|Any CPU.Build.0 = Release|Any CPU
	EndGlobalSection
	GlobalSection(SolutionProperties) = preSolution
		HideSolutionNode = FALSE
	EndGlobalSection
	GlobalSection(ExtensibilityGlobals) = postSolution
		SolutionGuid = {F4970CEE-43D1-485D-8E86-42FCCD944D8D}
	EndGlobalSection
EndGlobal
