
Microsoft Visual Studio Solution File, Format Version 12.00
# Visual Studio Version 17
VisualStudioVersion = 17.11.35222.181
MinimumVisualStudioVersion = 10.0.40219.1
Project("{9A19103F-16F7-4668-BE54-9A1E7A4F7556}") = "Email", "Email\Email.csproj", "{93908026-777A-4BB2-83F8-79349176420A}"
EndProject
Project("{FAE04EC0-301F-11D3-BF4B-00C04F79EFBC}") = "MentorScheduleCustom", "MentorScheduleCustom\MentorScheduleCustom.csproj", "{D82F5A25-D355-4B9C-9D41-0C3C3E46DCB1}"
EndProject
Global
	GlobalSection(SolutionConfigurationPlatforms) = preSolution
		Debug|Any CPU = Debug|Any CPU
		Release|Any CPU = Release|Any CPU
	EndGlobalSection
	GlobalSection(ProjectConfigurationPlatforms) = postSolution
		{93908026-777A-4BB2-83F8-79349176420A}.Debug|Any CPU.ActiveCfg = Debug|Any CPU
		{93908026-777A-4BB2-83F8-79349176420A}.Debug|Any CPU.Build.0 = Debug|Any CPU
		{93908026-777A-4BB2-83F8-79349176420A}.Release|Any CPU.ActiveCfg = Release|Any CPU
		{93908026-777A-4BB2-83F8-79349176420A}.Release|Any CPU.Build.0 = Release|Any CPU
		{D82F5A25-D355-4B9C-9D41-0C3C3E46DCB1}.Debug|Any CPU.ActiveCfg = Debug|Any CPU
		{D82F5A25-D355-4B9C-9D41-0C3C3E46DCB1}.Debug|Any CPU.Build.0 = Debug|Any CPU
		{D82F5A25-D355-4B9C-9D41-0C3C3E46DCB1}.Release|Any CPU.ActiveCfg = Release|Any CPU
		{D82F5A25-D355-4B9C-9D41-0C3C3E46DCB1}.Release|Any CPU.Build.0 = Release|Any CPU
	EndGlobalSection
	GlobalSection(SolutionProperties) = preSolution
		HideSolutionNode = FALSE
	EndGlobalSection
	GlobalSection(ExtensibilityGlobals) = postSolution
		SolutionGuid = {F4970CEE-43D1-485D-8E86-42FCCD944D8D}
	EndGlobalSection
EndGlobal
